
Microsoft Visual Studio Solution File, Format Version 12.00
# Visual Studio Version 17
VisualStudioVersion = 17.14.36518.9
MinimumVisualStudioVersion = 10.0.40219.1
Project("{8BC9CEB8-8B4A-11D0-8D11-00A0C91BC942}") = "TORCS", "TORCS.vcxproj", "{8D944D60-3543-4444-84E4-260BA6FAA2C7}"
EndProject
Project("{8BC9CEB8-8B4A-11D0-8D11-00A0C91BC942}") = "accc", "src\tools\accc\accc.vcxproj", "{B207EB9E-56BC-4A80-9343-F08EA9C30951}"
EndProject
Project("{8BC9CEB8-8B4A-11D0-8D11-00A0C91BC942}") = "berniw", "src\drivers\berniw\berniw.vcxproj", "{781B5B1E-48E0-4C0E-8A4A-5466BFC9637C}"
EndProject
Project("{8BC9CEB8-8B4A-11D0-8D11-00A0C91BC942}") = "berniw2", "src\drivers\berniw2\berniw2.vcxproj", "{53823F0C-D5B2-4E10-8AC8-1A3CF484A496}"
EndProject
Project("{8BC9CEB8-8B4A-11D0-8D11-00A0C91BC942}") = "berniw3", "src\drivers\berniw3\berniw3.vcxproj", "{99B5A947-A0E0-48D1-879D-3E533D48E7C5}"
EndProject
Project("{8BC9CEB8-8B4A-11D0-8D11-00A0C91BC942}") = "bt", "src\drivers\bt\bt.vcxproj", "{A0513CBB-8FE9-44F7-BBF3-7814EFB5132C}"
EndProject
Project("{8BC9CEB8-8B4A-11D0-8D11-00A0C91BC942}") = "client", "src\libs\client\client.vcxproj", "{000F3A08-7079-4480-93E3-DC3BACC72017}"
EndProject
Project("{8BC9CEB8-8B4A-11D0-8D11-00A0C91BC942}") = "damned", "src\drivers\damned\damned.vcxproj", "{85D049C2-BEDD-4D57-8C44-0F40D0061A52}"
EndProject
Project("{8BC9CEB8-8B4A-11D0-8D11-00A0C91BC942}") = "human", "src\drivers\human\human.vcxproj", "{13ABA378-0B47-428F-9EB7-03704921F3A0}"
EndProject
Project("{8BC9CEB8-8B4A-11D0-8D11-00A0C91BC942}") = "inferno", "src\drivers\inferno\inferno.vcxproj", "{BA149E98-DBE0-441C-A318-4958A816BF7A}"
EndProject
Project("{8BC9CEB8-8B4A-11D0-8D11-00A0C91BC942}") = "inferno2", "src\drivers\inferno2\inferno2.vcxproj", "{F5E909F2-FCEC-4CEE-B80C-3C8ED2DC957C}"
EndProject
Project("{8BC9CEB8-8B4A-11D0-8D11-00A0C91BC942}") = "learning", "src\libs\learning\learning.vcxproj", "{4F4D3684-EE40-41A9-AC48-C98687A359A4}"
EndProject
Project("{8BC9CEB8-8B4A-11D0-8D11-00A0C91BC942}") = "lliaw", "src\drivers\lliaw\lliaw.vcxproj", "{2921ADAD-22D9-4A22-99AB-D34D5B9D4169}"
EndProject
Project("{8BC9CEB8-8B4A-11D0-8D11-00A0C91BC942}") = "nfs2ac", "src\tools\nfs2ac\nfs2ac.vcxproj", "{61EB09C8-4D12-45F9-9E5E-9BE0EFB71DE0}"
EndProject
Project("{8BC9CEB8-8B4A-11D0-8D11-00A0C91BC942}") = "nfsperf", "src\tools\nfsperf\nfsperf.vcxproj", "{CC3B1BE2-1345-4071-BC3B-4C10ED1B1186}"
EndProject
Project("{8BC9CEB8-8B4A-11D0-8D11-00A0C91BC942}") = "olethros", "src\drivers\olethros\olethros.vcxproj", "{FCF8B58F-AB94-45F4-9105-A019396AD31C}"
EndProject
Project("{8BC9CEB8-8B4A-11D0-8D11-00A0C91BC942}") = "robottools", "src\libs\robottools\robottools.vcxproj", "{EACC0870-5315-41F9-AE61-B93C77334EAE}"
EndProject
Project("{8BC9CEB8-8B4A-11D0-8D11-00A0C91BC942}") = "simuv2", "src\modules\simu\simuv2\simuv2.vcxproj", "{1917D9E5-248C-4FA6-A280-E245C1F14EEE}"
EndProject
Project("{8BC9CEB8-8B4A-11D0-8D11-00A0C91BC942}") = "solid", "src\modules\simu\simuv2\SOLID-2.0\solid.vcxproj", "{0C4288E1-99D2-4134-A416-98B9E6869478}"
EndProject
Project("{8BC9CEB8-8B4A-11D0-8D11-00A0C91BC942}") = "ssggraphlib", "src\modules\graphic\ssggraph\ssggraphlib.vcxproj", "{87C850AD-E339-4687-83DA-2F76AA0CD5DB}"
EndProject
Project("{8BC9CEB8-8B4A-11D0-8D11-00A0C91BC942}") = "tgf", "src\libs\tgf\tgf.vcxproj", "{ACB16B61-2F7D-4E87-AD15-C95F16431137}"
EndProject
Project("{8BC9CEB8-8B4A-11D0-8D11-00A0C91BC942}") = "tita", "src\drivers\tita\tita.vcxproj", "{D6A072EA-352A-4B30-8394-7D34BA1A4F81}"
EndProject
Project("{8BC9CEB8-8B4A-11D0-8D11-00A0C91BC942}") = "track", "src\modules\track\track.vcxproj", "{C8FBAED7-9766-4A8C-8CD6-5F3E33548AA2}"
EndProject
Project("{8BC9CEB8-8B4A-11D0-8D11-00A0C91BC942}") = "trackgen", "src\tools\trackgen\trackgen.vcxproj", "{1C6A1700-1242-4B39-92C2-B6F352D5A760}"
EndProject
Project("{8BC9CEB8-8B4A-11D0-8D11-00A0C91BC942}") = "txml", "src\libs\txml\txml.vcxproj", "{BEF1B5F5-7B90-40F6-A96C-34D1E0C0A79D}"
EndProject
Project("{8BC9CEB8-8B4A-11D0-8D11-00A0C91BC942}") = "wtorcs", "src\windows\wtorcs.vcxproj", "{31CA578B-13CA-4640-8D1A-95ED57C026A2}"
EndProject
Project("{2150E333-8FDC-42A3-9474-1A3956D46DE8}") = "Solution Items", "Solution Items", "{02EA681E-C7D8-13C7-8484-4AC65E1B71E8}"
	ProjectSection(SolutionItems) = preProject
		COPYING = COPYING
		Directory.Build.props = Directory.Build.props
		README = README
		setup_win32-data-from-CVS.bat = setup_win32-data-from-CVS.bat
		setup_win32-data-from-CVS_debug.bat = setup_win32-data-from-CVS_debug.bat
		setup_win32-data-from-CVS_generic.bat = setup_win32-data-from-CVS_generic.bat
		setup_win32.bat = setup_win32.bat
		setup_win32_debug.bat = setup_win32_debug.bat
		setup_win32_generic.bat = setup_win32_generic.bat
		installer\windows\torcs.nsi = installer\windows\torcs.nsi
	EndProjectSection
EndProject
Project("{8BC9CEB8-8B4A-11D0-8D11-00A0C91BC942}") = "googletest", "test\libs\googletest\googletest.vcxproj", "{D3F7E9A4-6BA7-40F6-99AD-59A70E8109E8}"
EndProject
Project("{2150E333-8FDC-42A3-9474-1A3956D46DE8}") = "testsuite", "testsuite", "{123105EC-C85E-441F-AF13-848D6CD7B2D1}"
EndProject
Project("{2150E333-8FDC-42A3-9474-1A3956D46DE8}") = "libs", "libs", "{52E5DAB2-F8F9-49CC-B67C-EA51938B7874}"
EndProject
Project("{8BC9CEB8-8B4A-11D0-8D11-00A0C91BC942}") = "robottools_test", "test\libs\robottools_test\robottools_test.vcxproj", "{6607E997-5CB8-4749-AA45-4A8AA8D52733}"
	ProjectSection(ProjectDependencies) = postProject
		{ACB16B61-2F7D-4E87-AD15-C95F16431137} = {ACB16B61-2F7D-4E87-AD15-C95F16431137}
		{BEF1B5F5-7B90-40F6-A96C-34D1E0C0A79D} = {BEF1B5F5-7B90-40F6-A96C-34D1E0C0A79D}
		{D3F7E9A4-6BA7-40F6-99AD-59A70E8109E8} = {D3F7E9A4-6BA7-40F6-99AD-59A70E8109E8}
		{EACC0870-5315-41F9-AE61-B93C77334EAE} = {EACC0870-5315-41F9-AE61-B93C77334EAE}
	EndProjectSection
EndProject
Project("{8BC9CEB8-8B4A-11D0-8D11-00A0C91BC942}") = "simuv2_engine_test", "test\libs\simuv2_engine_test\simuv2_engine_test.vcxproj", "{9F2A6D1C-6E3F-4A0E-BB8A-4E4E2E57A6D1}"
	ProjectSection(ProjectDependencies) = postProject
		{1917D9E5-248C-4FA6-A280-E245C1F14EEE} = {1917D9E5-248C-4FA6-A280-E245C1F14EEE}
		{ACB16B61-2F7D-4E87-AD15-C95F16431137} = {ACB16B61-2F7D-4E87-AD15-C95F16431137}
		{BEF1B5F5-7B90-40F6-A96C-34D1E0C0A79D} = {BEF1B5F5-7B90-40F6-A96C-34D1E0C0A79D}
		{D3F7E9A4-6BA7-40F6-99AD-59A70E8109E8} = {D3F7E9A4-6BA7-40F6-99AD-59A70E8109E8}
		{EACC0870-5315-41F9-AE61-B93C77334EAE} = {EACC0870-5315-41F9-AE61-B93C77334EAE}
	EndProjectSection
EndProject
Project("{8BC9CEB8-8B4A-11D0-8D11-00A0C91BC942}") = "simuv2_steer_test", "test\libs\simuv2_steer_test\simuv2_steer_test.vcxproj", "{C7D3A3A6-B4AE-4AB5-9C58-4E0EA9D71D8C}"
	ProjectSection(ProjectDependencies) = postProject
		{1917D9E5-248C-4FA6-A280-E245C1F14EEE} = {1917D9E5-248C-4FA6-A280-E245C1F14EEE}
		{ACB16B61-2F7D-4E87-AD15-C95F16431137} = {ACB16B61-2F7D-4E87-AD15-C95F16431137}
		{BEF1B5F5-7B90-40F6-A96C-34D1E0C0A79D} = {BEF1B5F5-7B90-40F6-A96C-34D1E0C0A79D}
		{D3F7E9A4-6BA7-40F6-99AD-59A70E8109E8} = {D3F7E9A4-6BA7-40F6-99AD-59A70E8109E8}
		{EACC0870-5315-41F9-AE61-B93C77334EAE} = {EACC0870-5315-41F9-AE61-B93C77334EAE}
	EndProjectSection
EndProject
Project("{8BC9CEB8-8B4A-11D0-8D11-00A0C91BC942}") = "simuv2_transmission_test", "test\libs\simuv2_transmission_test\simuv2_transmission_test.vcxproj", "{10D24D7D-2FA0-4BB2-9A9E-40D6140022B9}"
	ProjectSection(ProjectDependencies) = postProject
		{1917D9E5-248C-4FA6-A280-E245C1F14EEE} = {1917D9E5-248C-4FA6-A280-E245C1F14EEE}
		{ACB16B61-2F7D-4E87-AD15-C95F16431137} = {ACB16B61-2F7D-4E87-AD15-C95F16431137}
		{BEF1B5F5-7B90-40F6-A96C-34D1E0C0A79D} = {BEF1B5F5-7B90-40F6-A96C-34D1E0C0A79D}
		{D3F7E9A4-6BA7-40F6-99AD-59A70E8109E8} = {D3F7E9A4-6BA7-40F6-99AD-59A70E8109E8}
		{EACC0870-5315-41F9-AE61-B93C77334EAE} = {EACC0870-5315-41F9-AE61-B93C77334EAE}
	EndProjectSection
EndProject
Project("{8BC9CEB8-8B4A-11D0-8D11-00A0C91BC942}") = "simuv2_aero_test", "test\libs\simuv2_aero_test\simuv2_aero_test.vcxproj", "{6C9A6381-9B86-4D13-A3C4-2B5E1CC6C5A7}"
	ProjectSection(ProjectDependencies) = postProject
		{1917D9E5-248C-4FA6-A280-E245C1F14EEE} = {1917D9E5-248C-4FA6-A280-E245C1F14EEE}
		{ACB16B61-2F7D-4E87-AD15-C95F16431137} = {ACB16B61-2F7D-4E87-AD15-C95F16431137}
		{BEF1B5F5-7B90-40F6-A96C-34D1E0C0A79D} = {BEF1B5F5-7B90-40F6-A96C-34D1E0C0A79D}
		{D3F7E9A4-6BA7-40F6-99AD-59A70E8109E8} = {D3F7E9A4-6BA7-40F6-99AD-59A70E8109E8}
		{EACC0870-5315-41F9-AE61-B93C77334EAE} = {EACC0870-5315-41F9-AE61-B93C77334EAE}
	EndProjectSection
EndProject
Project("{8BC9CEB8-8B4A-11D0-8D11-00A0C91BC942}") = "simuv2_axle_test", "test\libs\simuv2_axle_test\simuv2_axle_test.vcxproj", "{A8B25DB2-6CE5-4D63-A7CB-4E7A9E5D1D42}"
	ProjectSection(ProjectDependencies) = postProject
		{1917D9E5-248C-4FA6-A280-E245C1F14EEE} = {1917D9E5-248C-4FA6-A280-E245C1F14EEE}
		{ACB16B61-2F7D-4E87-AD15-C95F16431137} = {ACB16B61-2F7D-4E87-AD15-C95F16431137}
		{BEF1B5F5-7B90-40F6-A96C-34D1E0C0A79D} = {BEF1B5F5-7B90-40F6-A96C-34D1E0C0A79D}
		{D3F7E9A4-6BA7-40F6-99AD-59A70E8109E8} = {D3F7E9A4-6BA7-40F6-99AD-59A70E8109E8}
		{EACC0870-5315-41F9-AE61-B93C77334EAE} = {EACC0870-5315-41F9-AE61-B93C77334EAE}
	EndProjectSection
EndProject
Project("{8BC9CEB8-8B4A-11D0-8D11-00A0C91BC942}") = "simuv2_brake_test", "test\libs\simuv2_brake_test\simuv2_brake_test.vcxproj", "{F4B2FCE9-33E7-4C6B-8B2E-9A6C1F2D5E70}"
	ProjectSection(ProjectDependencies) = postProject
		{1917D9E5-248C-4FA6-A280-E245C1F14EEE} = {1917D9E5-248C-4FA6-A280-E245C1F14EEE}
		{ACB16B61-2F7D-4E87-AD15-C95F16431137} = {ACB16B61-2F7D-4E87-AD15-C95F16431137}
		{BEF1B5F5-7B90-40F6-A96C-34D1E0C0A79D} = {BEF1B5F5-7B90-40F6-A96C-34D1E0C0A79D}
		{D3F7E9A4-6BA7-40F6-99AD-59A70E8109E8} = {D3F7E9A4-6BA7-40F6-99AD-59A70E8109E8}
		{EACC0870-5315-41F9-AE61-B93C77334EAE} = {EACC0870-5315-41F9-AE61-B93C77334EAE}
	EndProjectSection
EndProject
Project("{8BC9CEB8-8B4A-11D0-8D11-00A0C91BC942}") = "simuv2_differential_test", "test\libs\simuv2_differential_test\simuv2_differential_test.vcxproj", "{2D9C1C8F-C702-4B16-9F3E-6F5D2B0A7C14}"
	ProjectSection(ProjectDependencies) = postProject
		{1917D9E5-248C-4FA6-A280-E245C1F14EEE} = {1917D9E5-248C-4FA6-A280-E245C1F14EEE}
		{ACB16B61-2F7D-4E87-AD15-C95F16431137} = {ACB16B61-2F7D-4E87-AD15-C95F16431137}
		{BEF1B5F5-7B90-40F6-A96C-34D1E0C0A79D} = {BEF1B5F5-7B90-40F6-A96C-34D1E0C0A79D}
		{D3F7E9A4-6BA7-40F6-99AD-59A70E8109E8} = {D3F7E9A4-6BA7-40F6-99AD-59A70E8109E8}
		{EACC0870-5315-41F9-AE61-B93C77334EAE} = {EACC0870-5315-41F9-AE61-B93C77334EAE}
	EndProjectSection
EndProject
Project("{8BC9CEB8-8B4A-11D0-8D11-00A0C91BC942}") = "simuv2_susp_test", "test\libs\simuv2_susp_test\simuv2_susp_test.vcxproj", "{C6E41A5D-8B8A-4F3A-9D73-1E2F4A7B5C90}"
	ProjectSection(ProjectDependencies) = postProject
		{1917D9E5-248C-4FA6-A280-E245C1F14EEE} = {1917D9E5-248C-4FA6-A280-E245C1F14EEE}
		{ACB16B61-2F7D-4E87-AD15-C95F16431137} = {ACB16B61-2F7D-4E87-AD15-C95F16431137}
		{BEF1B5F5-7B90-40F6-A96C-34D1E0C0A79D} = {BEF1B5F5-7B90-40F6-A96C-34D1E0C0A79D}
		{D3F7E9A4-6BA7-40F6-99AD-59A70E8109E8} = {D3F7E9A4-6BA7-40F6-99AD-59A70E8109E8}
		{EACC0870-5315-41F9-AE61-B93C77334EAE} = {EACC0870-5315-41F9-AE61-B93C77334EAE}
	EndProjectSection
EndProject
Global
	GlobalSection(SolutionConfigurationPlatforms) = preSolution
		Debug|Win32 = Debug|Win32
		Debug|x64 = Debug|x64
		Release|Win32 = Release|Win32
		Release|x64 = Release|x64
	EndGlobalSection
	GlobalSection(ProjectConfigurationPlatforms) = postSolution
		{8D944D60-3543-4444-84E4-260BA6FAA2C7}.Debug|Win32.ActiveCfg = Debug|Win32
		{8D944D60-3543-4444-84E4-260BA6FAA2C7}.Debug|Win32.Build.0 = Debug|Win32
		{8D944D60-3543-4444-84E4-260BA6FAA2C7}.Debug|x64.ActiveCfg = Debug|x64
		{8D944D60-3543-4444-84E4-260BA6FAA2C7}.Debug|x64.Build.0 = Debug|x64
		{8D944D60-3543-4444-84E4-260BA6FAA2C7}.Release|Win32.ActiveCfg = Release|Win32
		{8D944D60-3543-4444-84E4-260BA6FAA2C7}.Release|Win32.Build.0 = Release|Win32
		{8D944D60-3543-4444-84E4-260BA6FAA2C7}.Release|x64.ActiveCfg = Release|x64
		{8D944D60-3543-4444-84E4-260BA6FAA2C7}.Release|x64.Build.0 = Release|x64
		{B207EB9E-56BC-4A80-9343-F08EA9C30951}.Debug|Win32.ActiveCfg = Debug|Win32
		{B207EB9E-56BC-4A80-9343-F08EA9C30951}.Debug|Win32.Build.0 = Debug|Win32
		{B207EB9E-56BC-4A80-9343-F08EA9C30951}.Debug|x64.ActiveCfg = Debug|x64
		{B207EB9E-56BC-4A80-9343-F08EA9C30951}.Debug|x64.Build.0 = Debug|x64
		{B207EB9E-56BC-4A80-9343-F08EA9C30951}.Release|Win32.ActiveCfg = Release|Win32
		{B207EB9E-56BC-4A80-9343-F08EA9C30951}.Release|Win32.Build.0 = Release|Win32
		{B207EB9E-56BC-4A80-9343-F08EA9C30951}.Release|x64.ActiveCfg = Release|x64
		{B207EB9E-56BC-4A80-9343-F08EA9C30951}.Release|x64.Build.0 = Release|x64
		{781B5B1E-48E0-4C0E-8A4A-5466BFC9637C}.Debug|Win32.ActiveCfg = Debug|Win32
		{781B5B1E-48E0-4C0E-8A4A-5466BFC9637C}.Debug|Win32.Build.0 = Debug|Win32
		{781B5B1E-48E0-4C0E-8A4A-5466BFC9637C}.Debug|x64.ActiveCfg = Debug|x64
		{781B5B1E-48E0-4C0E-8A4A-5466BFC9637C}.Debug|x64.Build.0 = Debug|x64
		{781B5B1E-48E0-4C0E-8A4A-5466BFC9637C}.Release|Win32.ActiveCfg = Release|Win32
		{781B5B1E-48E0-4C0E-8A4A-5466BFC9637C}.Release|Win32.Build.0 = Release|Win32
		{781B5B1E-48E0-4C0E-8A4A-5466BFC9637C}.Release|x64.ActiveCfg = Release|x64
		{781B5B1E-48E0-4C0E-8A4A-5466BFC9637C}.Release|x64.Build.0 = Release|x64
		{53823F0C-D5B2-4E10-8AC8-1A3CF484A496}.Debug|Win32.ActiveCfg = Debug|Win32
		{53823F0C-D5B2-4E10-8AC8-1A3CF484A496}.Debug|Win32.Build.0 = Debug|Win32
		{53823F0C-D5B2-4E10-8AC8-1A3CF484A496}.Debug|x64.ActiveCfg = Debug|x64
		{53823F0C-D5B2-4E10-8AC8-1A3CF484A496}.Debug|x64.Build.0 = Debug|x64
		{53823F0C-D5B2-4E10-8AC8-1A3CF484A496}.Release|Win32.ActiveCfg = Release|Win32
		{53823F0C-D5B2-4E10-8AC8-1A3CF484A496}.Release|Win32.Build.0 = Release|Win32
		{53823F0C-D5B2-4E10-8AC8-1A3CF484A496}.Release|x64.ActiveCfg = Release|x64
		{53823F0C-D5B2-4E10-8AC8-1A3CF484A496}.Release|x64.Build.0 = Release|x64
		{99B5A947-A0E0-48D1-879D-3E533D48E7C5}.Debug|Win32.ActiveCfg = Debug|Win32
		{99B5A947-A0E0-48D1-879D-3E533D48E7C5}.Debug|Win32.Build.0 = Debug|Win32
		{99B5A947-A0E0-48D1-879D-3E533D48E7C5}.Debug|x64.ActiveCfg = Debug|x64
		{99B5A947-A0E0-48D1-879D-3E533D48E7C5}.Debug|x64.Build.0 = Debug|x64
		{99B5A947-A0E0-48D1-879D-3E533D48E7C5}.Release|Win32.ActiveCfg = Release|Win32
		{99B5A947-A0E0-48D1-879D-3E533D48E7C5}.Release|Win32.Build.0 = Release|Win32
		{99B5A947-A0E0-48D1-879D-3E533D48E7C5}.Release|x64.ActiveCfg = Release|x64
		{99B5A947-A0E0-48D1-879D-3E533D48E7C5}.Release|x64.Build.0 = Release|x64
		{A0513CBB-8FE9-44F7-BBF3-7814EFB5132C}.Debug|Win32.ActiveCfg = Debug|Win32
		{A0513CBB-8FE9-44F7-BBF3-7814EFB5132C}.Debug|Win32.Build.0 = Debug|Win32
		{A0513CBB-8FE9-44F7-BBF3-7814EFB5132C}.Debug|x64.ActiveCfg = Debug|x64
		{A0513CBB-8FE9-44F7-BBF3-7814EFB5132C}.Debug|x64.Build.0 = Debug|x64
		{A0513CBB-8FE9-44F7-BBF3-7814EFB5132C}.Release|Win32.ActiveCfg = Release|Win32
		{A0513CBB-8FE9-44F7-BBF3-7814EFB5132C}.Release|Win32.Build.0 = Release|Win32
		{A0513CBB-8FE9-44F7-BBF3-7814EFB5132C}.Release|x64.ActiveCfg = Release|x64
		{A0513CBB-8FE9-44F7-BBF3-7814EFB5132C}.Release|x64.Build.0 = Release|x64
		{000F3A08-7079-4480-93E3-DC3BACC72017}.Debug|Win32.ActiveCfg = Debug|Win32
		{000F3A08-7079-4480-93E3-DC3BACC72017}.Debug|Win32.Build.0 = Debug|Win32
		{000F3A08-7079-4480-93E3-DC3BACC72017}.Debug|x64.ActiveCfg = Debug|x64
		{000F3A08-7079-4480-93E3-DC3BACC72017}.Debug|x64.Build.0 = Debug|x64
		{000F3A08-7079-4480-93E3-DC3BACC72017}.Release|Win32.ActiveCfg = Release|Win32
		{000F3A08-7079-4480-93E3-DC3BACC72017}.Release|Win32.Build.0 = Release|Win32
		{000F3A08-7079-4480-93E3-DC3BACC72017}.Release|x64.ActiveCfg = Release|x64
		{000F3A08-7079-4480-93E3-DC3BACC72017}.Release|x64.Build.0 = Release|x64
		{85D049C2-BEDD-4D57-8C44-0F40D0061A52}.Debug|Win32.ActiveCfg = Debug|Win32
		{85D049C2-BEDD-4D57-8C44-0F40D0061A52}.Debug|Win32.Build.0 = Debug|Win32
		{85D049C2-BEDD-4D57-8C44-0F40D0061A52}.Debug|x64.ActiveCfg = Debug|x64
		{85D049C2-BEDD-4D57-8C44-0F40D0061A52}.Debug|x64.Build.0 = Debug|x64
		{85D049C2-BEDD-4D57-8C44-0F40D0061A52}.Release|Win32.ActiveCfg = Release|Win32
		{85D049C2-BEDD-4D57-8C44-0F40D0061A52}.Release|Win32.Build.0 = Release|Win32
		{85D049C2-BEDD-4D57-8C44-0F40D0061A52}.Release|x64.ActiveCfg = Release|x64
		{85D049C2-BEDD-4D57-8C44-0F40D0061A52}.Release|x64.Build.0 = Release|x64
		{13ABA378-0B47-428F-9EB7-03704921F3A0}.Debug|Win32.ActiveCfg = Debug|Win32
		{13ABA378-0B47-428F-9EB7-03704921F3A0}.Debug|Win32.Build.0 = Debug|Win32
		{13ABA378-0B47-428F-9EB7-03704921F3A0}.Debug|x64.ActiveCfg = Debug|x64
		{13ABA378-0B47-428F-9EB7-03704921F3A0}.Debug|x64.Build.0 = Debug|x64
		{13ABA378-0B47-428F-9EB7-03704921F3A0}.Release|Win32.ActiveCfg = Release|Win32
		{13ABA378-0B47-428F-9EB7-03704921F3A0}.Release|Win32.Build.0 = Release|Win32
		{13ABA378-0B47-428F-9EB7-03704921F3A0}.Release|x64.ActiveCfg = Release|x64
		{13ABA378-0B47-428F-9EB7-03704921F3A0}.Release|x64.Build.0 = Release|x64
		{BA149E98-DBE0-441C-A318-4958A816BF7A}.Debug|Win32.ActiveCfg = Debug|Win32
		{BA149E98-DBE0-441C-A318-4958A816BF7A}.Debug|Win32.Build.0 = Debug|Win32
		{BA149E98-DBE0-441C-A318-4958A816BF7A}.Debug|x64.ActiveCfg = Debug|x64
		{BA149E98-DBE0-441C-A318-4958A816BF7A}.Debug|x64.Build.0 = Debug|x64
		{BA149E98-DBE0-441C-A318-4958A816BF7A}.Release|Win32.ActiveCfg = Release|Win32
		{BA149E98-DBE0-441C-A318-4958A816BF7A}.Release|Win32.Build.0 = Release|Win32
		{BA149E98-DBE0-441C-A318-4958A816BF7A}.Release|x64.ActiveCfg = Release|x64
		{BA149E98-DBE0-441C-A318-4958A816BF7A}.Release|x64.Build.0 = Release|x64
		{F5E909F2-FCEC-4CEE-B80C-3C8ED2DC957C}.Debug|Win32.ActiveCfg = Debug|Win32
		{F5E909F2-FCEC-4CEE-B80C-3C8ED2DC957C}.Debug|Win32.Build.0 = Debug|Win32
		{F5E909F2-FCEC-4CEE-B80C-3C8ED2DC957C}.Debug|x64.ActiveCfg = Debug|x64
		{F5E909F2-FCEC-4CEE-B80C-3C8ED2DC957C}.Debug|x64.Build.0 = Debug|x64
		{F5E909F2-FCEC-4CEE-B80C-3C8ED2DC957C}.Release|Win32.ActiveCfg = Release|Win32
		{F5E909F2-FCEC-4CEE-B80C-3C8ED2DC957C}.Release|Win32.Build.0 = Release|Win32
		{F5E909F2-FCEC-4CEE-B80C-3C8ED2DC957C}.Release|x64.ActiveCfg = Release|x64
		{F5E909F2-FCEC-4CEE-B80C-3C8ED2DC957C}.Release|x64.Build.0 = Release|x64
		{4F4D3684-EE40-41A9-AC48-C98687A359A4}.Debug|Win32.ActiveCfg = Debug|Win32
		{4F4D3684-EE40-41A9-AC48-C98687A359A4}.Debug|Win32.Build.0 = Debug|Win32
		{4F4D3684-EE40-41A9-AC48-C98687A359A4}.Debug|x64.ActiveCfg = Debug|x64
		{4F4D3684-EE40-41A9-AC48-C98687A359A4}.Debug|x64.Build.0 = Debug|x64
		{4F4D3684-EE40-41A9-AC48-C98687A359A4}.Release|Win32.ActiveCfg = Release|Win32
		{4F4D3684-EE40-41A9-AC48-C98687A359A4}.Release|Win32.Build.0 = Release|Win32
		{4F4D3684-EE40-41A9-AC48-C98687A359A4}.Release|x64.ActiveCfg = Release|x64
		{4F4D3684-EE40-41A9-AC48-C98687A359A4}.Release|x64.Build.0 = Release|x64
		{2921ADAD-22D9-4A22-99AB-D34D5B9D4169}.Debug|Win32.ActiveCfg = Debug|Win32
		{2921ADAD-22D9-4A22-99AB-D34D5B9D4169}.Debug|Win32.Build.0 = Debug|Win32
		{2921ADAD-22D9-4A22-99AB-D34D5B9D4169}.Debug|x64.ActiveCfg = Debug|x64
		{2921ADAD-22D9-4A22-99AB-D34D5B9D4169}.Debug|x64.Build.0 = Debug|x64
		{2921ADAD-22D9-4A22-99AB-D34D5B9D4169}.Release|Win32.ActiveCfg = Release|Win32
		{2921ADAD-22D9-4A22-99AB-D34D5B9D4169}.Release|Win32.Build.0 = Release|Win32
		{2921ADAD-22D9-4A22-99AB-D34D5B9D4169}.Release|x64.ActiveCfg = Release|x64
		{2921ADAD-22D9-4A22-99AB-D34D5B9D4169}.Release|x64.Build.0 = Release|x64
		{61EB09C8-4D12-45F9-9E5E-9BE0EFB71DE0}.Debug|Win32.ActiveCfg = Debug|Win32
		{61EB09C8-4D12-45F9-9E5E-9BE0EFB71DE0}.Debug|Win32.Build.0 = Debug|Win32
		{61EB09C8-4D12-45F9-9E5E-9BE0EFB71DE0}.Debug|x64.ActiveCfg = Debug|x64
		{61EB09C8-4D12-45F9-9E5E-9BE0EFB71DE0}.Debug|x64.Build.0 = Debug|x64
		{61EB09C8-4D12-45F9-9E5E-9BE0EFB71DE0}.Release|Win32.ActiveCfg = Release|Win32
		{61EB09C8-4D12-45F9-9E5E-9BE0EFB71DE0}.Release|Win32.Build.0 = Release|Win32
		{61EB09C8-4D12-45F9-9E5E-9BE0EFB71DE0}.Release|x64.ActiveCfg = Release|x64
		{61EB09C8-4D12-45F9-9E5E-9BE0EFB71DE0}.Release|x64.Build.0 = Release|x64
		{CC3B1BE2-1345-4071-BC3B-4C10ED1B1186}.Debug|Win32.ActiveCfg = Debug|Win32
		{CC3B1BE2-1345-4071-BC3B-4C10ED1B1186}.Debug|Win32.Build.0 = Debug|Win32
		{CC3B1BE2-1345-4071-BC3B-4C10ED1B1186}.Debug|x64.ActiveCfg = Debug|x64
		{CC3B1BE2-1345-4071-BC3B-4C10ED1B1186}.Debug|x64.Build.0 = Debug|x64
		{CC3B1BE2-1345-4071-BC3B-4C10ED1B1186}.Release|Win32.ActiveCfg = Release|Win32
		{CC3B1BE2-1345-4071-BC3B-4C10ED1B1186}.Release|Win32.Build.0 = Release|Win32
		{CC3B1BE2-1345-4071-BC3B-4C10ED1B1186}.Release|x64.ActiveCfg = Release|x64
		{CC3B1BE2-1345-4071-BC3B-4C10ED1B1186}.Release|x64.Build.0 = Release|x64
		{FCF8B58F-AB94-45F4-9105-A019396AD31C}.Debug|Win32.ActiveCfg = Debug|Win32
		{FCF8B58F-AB94-45F4-9105-A019396AD31C}.Debug|Win32.Build.0 = Debug|Win32
		{FCF8B58F-AB94-45F4-9105-A019396AD31C}.Debug|x64.ActiveCfg = Debug|x64
		{FCF8B58F-AB94-45F4-9105-A019396AD31C}.Debug|x64.Build.0 = Debug|x64
		{FCF8B58F-AB94-45F4-9105-A019396AD31C}.Release|Win32.ActiveCfg = Release|Win32
		{FCF8B58F-AB94-45F4-9105-A019396AD31C}.Release|Win32.Build.0 = Release|Win32
		{FCF8B58F-AB94-45F4-9105-A019396AD31C}.Release|x64.ActiveCfg = Release|x64
		{FCF8B58F-AB94-45F4-9105-A019396AD31C}.Release|x64.Build.0 = Release|x64
		{EACC0870-5315-41F9-AE61-B93C77334EAE}.Debug|Win32.ActiveCfg = Debug|Win32
		{EACC0870-5315-41F9-AE61-B93C77334EAE}.Debug|Win32.Build.0 = Debug|Win32
		{EACC0870-5315-41F9-AE61-B93C77334EAE}.Debug|x64.ActiveCfg = Debug|x64
		{EACC0870-5315-41F9-AE61-B93C77334EAE}.Debug|x64.Build.0 = Debug|x64
		{EACC0870-5315-41F9-AE61-B93C77334EAE}.Release|Win32.ActiveCfg = Release|Win32
		{EACC0870-5315-41F9-AE61-B93C77334EAE}.Release|Win32.Build.0 = Release|Win32
		{EACC0870-5315-41F9-AE61-B93C77334EAE}.Release|x64.ActiveCfg = Release|x64
		{EACC0870-5315-41F9-AE61-B93C77334EAE}.Release|x64.Build.0 = Release|x64
		{1917D9E5-248C-4FA6-A280-E245C1F14EEE}.Debug|Win32.ActiveCfg = Debug|Win32
		{1917D9E5-248C-4FA6-A280-E245C1F14EEE}.Debug|Win32.Build.0 = Debug|Win32
		{1917D9E5-248C-4FA6-A280-E245C1F14EEE}.Debug|x64.ActiveCfg = Debug|x64
		{1917D9E5-248C-4FA6-A280-E245C1F14EEE}.Debug|x64.Build.0 = Debug|x64
		{1917D9E5-248C-4FA6-A280-E245C1F14EEE}.Release|Win32.ActiveCfg = Release|Win32
		{1917D9E5-248C-4FA6-A280-E245C1F14EEE}.Release|Win32.Build.0 = Release|Win32
		{1917D9E5-248C-4FA6-A280-E245C1F14EEE}.Release|x64.ActiveCfg = Release|x64
		{1917D9E5-248C-4FA6-A280-E245C1F14EEE}.Release|x64.Build.0 = Release|x64
		{0C4288E1-99D2-4134-A416-98B9E6869478}.Debug|Win32.ActiveCfg = Debug|Win32
		{0C4288E1-99D2-4134-A416-98B9E6869478}.Debug|Win32.Build.0 = Debug|Win32
		{0C4288E1-99D2-4134-A416-98B9E6869478}.Debug|x64.ActiveCfg = Debug|x64
		{0C4288E1-99D2-4134-A416-98B9E6869478}.Debug|x64.Build.0 = Debug|x64
		{0C4288E1-99D2-4134-A416-98B9E6869478}.Release|Win32.ActiveCfg = Release|Win32
		{0C4288E1-99D2-4134-A416-98B9E6869478}.Release|Win32.Build.0 = Release|Win32
		{0C4288E1-99D2-4134-A416-98B9E6869478}.Release|x64.ActiveCfg = Release|x64
		{0C4288E1-99D2-4134-A416-98B9E6869478}.Release|x64.Build.0 = Release|x64
		{87C850AD-E339-4687-83DA-2F76AA0CD5DB}.Debug|Win32.ActiveCfg = Debug|Win32
		{87C850AD-E339-4687-83DA-2F76AA0CD5DB}.Debug|Win32.Build.0 = Debug|Win32
		{87C850AD-E339-4687-83DA-2F76AA0CD5DB}.Debug|x64.ActiveCfg = Debug|x64
		{87C850AD-E339-4687-83DA-2F76AA0CD5DB}.Debug|x64.Build.0 = Debug|x64
		{87C850AD-E339-4687-83DA-2F76AA0CD5DB}.Release|Win32.ActiveCfg = Release|Win32
		{87C850AD-E339-4687-83DA-2F76AA0CD5DB}.Release|Win32.Build.0 = Release|Win32
		{87C850AD-E339-4687-83DA-2F76AA0CD5DB}.Release|x64.ActiveCfg = Release|x64
		{87C850AD-E339-4687-83DA-2F76AA0CD5DB}.Release|x64.Build.0 = Release|x64
		{ACB16B61-2F7D-4E87-AD15-C95F16431137}.Debug|Win32.ActiveCfg = Debug|Win32
		{ACB16B61-2F7D-4E87-AD15-C95F16431137}.Debug|Win32.Build.0 = Debug|Win32
		{ACB16B61-2F7D-4E87-AD15-C95F16431137}.Debug|x64.ActiveCfg = Debug|x64
		{ACB16B61-2F7D-4E87-AD15-C95F16431137}.Debug|x64.Build.0 = Debug|x64
		{ACB16B61-2F7D-4E87-AD15-C95F16431137}.Release|Win32.ActiveCfg = Release|Win32
		{ACB16B61-2F7D-4E87-AD15-C95F16431137}.Release|Win32.Build.0 = Release|Win32
		{ACB16B61-2F7D-4E87-AD15-C95F16431137}.Release|x64.ActiveCfg = Release|x64
		{ACB16B61-2F7D-4E87-AD15-C95F16431137}.Release|x64.Build.0 = Release|x64
		{D6A072EA-352A-4B30-8394-7D34BA1A4F81}.Debug|Win32.ActiveCfg = Debug|Win32
		{D6A072EA-352A-4B30-8394-7D34BA1A4F81}.Debug|Win32.Build.0 = Debug|Win32
		{D6A072EA-352A-4B30-8394-7D34BA1A4F81}.Debug|x64.ActiveCfg = Debug|x64
		{D6A072EA-352A-4B30-8394-7D34BA1A4F81}.Debug|x64.Build.0 = Debug|x64
		{D6A072EA-352A-4B30-8394-7D34BA1A4F81}.Release|Win32.ActiveCfg = Release|Win32
		{D6A072EA-352A-4B30-8394-7D34BA1A4F81}.Release|Win32.Build.0 = Release|Win32
		{D6A072EA-352A-4B30-8394-7D34BA1A4F81}.Release|x64.ActiveCfg = Release|x64
		{D6A072EA-352A-4B30-8394-7D34BA1A4F81}.Release|x64.Build.0 = Release|x64
		{C8FBAED7-9766-4A8C-8CD6-5F3E33548AA2}.Debug|Win32.ActiveCfg = Debug|Win32
		{C8FBAED7-9766-4A8C-8CD6-5F3E33548AA2}.Debug|Win32.Build.0 = Debug|Win32
		{C8FBAED7-9766-4A8C-8CD6-5F3E33548AA2}.Debug|x64.ActiveCfg = Debug|x64
		{C8FBAED7-9766-4A8C-8CD6-5F3E33548AA2}.Debug|x64.Build.0 = Debug|x64
		{C8FBAED7-9766-4A8C-8CD6-5F3E33548AA2}.Release|Win32.ActiveCfg = Release|Win32
		{C8FBAED7-9766-4A8C-8CD6-5F3E33548AA2}.Release|Win32.Build.0 = Release|Win32
		{C8FBAED7-9766-4A8C-8CD6-5F3E33548AA2}.Release|x64.ActiveCfg = Release|x64
		{C8FBAED7-9766-4A8C-8CD6-5F3E33548AA2}.Release|x64.Build.0 = Release|x64
		{1C6A1700-1242-4B39-92C2-B6F352D5A760}.Debug|Win32.ActiveCfg = Debug|Win32
		{1C6A1700-1242-4B39-92C2-B6F352D5A760}.Debug|Win32.Build.0 = Debug|Win32
		{1C6A1700-1242-4B39-92C2-B6F352D5A760}.Debug|x64.ActiveCfg = Debug|x64
		{1C6A1700-1242-4B39-92C2-B6F352D5A760}.Debug|x64.Build.0 = Debug|x64
		{1C6A1700-1242-4B39-92C2-B6F352D5A760}.Release|Win32.ActiveCfg = Release|Win32
		{1C6A1700-1242-4B39-92C2-B6F352D5A760}.Release|Win32.Build.0 = Release|Win32
		{1C6A1700-1242-4B39-92C2-B6F352D5A760}.Release|x64.ActiveCfg = Release|x64
		{1C6A1700-1242-4B39-92C2-B6F352D5A760}.Release|x64.Build.0 = Release|x64
		{BEF1B5F5-7B90-40F6-A96C-34D1E0C0A79D}.Debug|Win32.ActiveCfg = Debug|Win32
		{BEF1B5F5-7B90-40F6-A96C-34D1E0C0A79D}.Debug|Win32.Build.0 = Debug|Win32
		{BEF1B5F5-7B90-40F6-A96C-34D1E0C0A79D}.Debug|x64.ActiveCfg = Debug|x64
		{BEF1B5F5-7B90-40F6-A96C-34D1E0C0A79D}.Debug|x64.Build.0 = Debug|x64
		{BEF1B5F5-7B90-40F6-A96C-34D1E0C0A79D}.Release|Win32.ActiveCfg = Release|Win32
		{BEF1B5F5-7B90-40F6-A96C-34D1E0C0A79D}.Release|Win32.Build.0 = Release|Win32
		{BEF1B5F5-7B90-40F6-A96C-34D1E0C0A79D}.Release|x64.ActiveCfg = Release|x64
		{BEF1B5F5-7B90-40F6-A96C-34D1E0C0A79D}.Release|x64.Build.0 = Release|x64
		{31CA578B-13CA-4640-8D1A-95ED57C026A2}.Debug|Win32.ActiveCfg = Debug|Win32
		{31CA578B-13CA-4640-8D1A-95ED57C026A2}.Debug|Win32.Build.0 = Debug|Win32
		{31CA578B-13CA-4640-8D1A-95ED57C026A2}.Debug|x64.ActiveCfg = Debug|x64
		{31CA578B-13CA-4640-8D1A-95ED57C026A2}.Debug|x64.Build.0 = Debug|x64
		{31CA578B-13CA-4640-8D1A-95ED57C026A2}.Release|Win32.ActiveCfg = Release|Win32
		{31CA578B-13CA-4640-8D1A-95ED57C026A2}.Release|Win32.Build.0 = Release|Win32
		{31CA578B-13CA-4640-8D1A-95ED57C026A2}.Release|x64.ActiveCfg = Release|x64
		{31CA578B-13CA-4640-8D1A-95ED57C026A2}.Release|x64.Build.0 = Release|x64
		{D3F7E9A4-6BA7-40F6-99AD-59A70E8109E8}.Debug|Win32.ActiveCfg = Debug|Win32
		{D3F7E9A4-6BA7-40F6-99AD-59A70E8109E8}.Debug|Win32.Build.0 = Debug|Win32
		{D3F7E9A4-6BA7-40F6-99AD-59A70E8109E8}.Debug|x64.ActiveCfg = Debug|x64
		{D3F7E9A4-6BA7-40F6-99AD-59A70E8109E8}.Debug|x64.Build.0 = Debug|x64
		{D3F7E9A4-6BA7-40F6-99AD-59A70E8109E8}.Release|Win32.ActiveCfg = Release|Win32
		{D3F7E9A4-6BA7-40F6-99AD-59A70E8109E8}.Release|Win32.Build.0 = Release|Win32
		{D3F7E9A4-6BA7-40F6-99AD-59A70E8109E8}.Release|x64.ActiveCfg = Release|x64
		{D3F7E9A4-6BA7-40F6-99AD-59A70E8109E8}.Release|x64.Build.0 = Release|x64
		{6607E997-5CB8-4749-AA45-4A8AA8D52733}.Debug|Win32.ActiveCfg = Debug|Win32
		{6607E997-5CB8-4749-AA45-4A8AA8D52733}.Debug|Win32.Build.0 = Debug|Win32
		{6607E997-5CB8-4749-AA45-4A8AA8D52733}.Debug|x64.ActiveCfg = Debug|x64
		{6607E997-5CB8-4749-AA45-4A8AA8D52733}.Debug|x64.Build.0 = Debug|x64
		{6607E997-5CB8-4749-AA45-4A8AA8D52733}.Release|Win32.ActiveCfg = Release|Win32
		{6607E997-5CB8-4749-AA45-4A8AA8D52733}.Release|Win32.Build.0 = Release|Win32
		{6607E997-5CB8-4749-AA45-4A8AA8D52733}.Release|x64.ActiveCfg = Release|x64
		{6607E997-5CB8-4749-AA45-4A8AA8D52733}.Release|x64.Build.0 = Release|x64
		{9F2A6D1C-6E3F-4A0E-BB8A-4E4E2E57A6D1}.Debug|Win32.ActiveCfg = Debug|Win32
		{9F2A6D1C-6E3F-4A0E-BB8A-4E4E2E57A6D1}.Debug|Win32.Build.0 = Debug|Win32
		{9F2A6D1C-6E3F-4A0E-BB8A-4E4E2E57A6D1}.Debug|x64.ActiveCfg = Debug|x64
		{9F2A6D1C-6E3F-4A0E-BB8A-4E4E2E57A6D1}.Debug|x64.Build.0 = Debug|x64
		{9F2A6D1C-6E3F-4A0E-BB8A-4E4E2E57A6D1}.Release|Win32.ActiveCfg = Release|Win32
		{9F2A6D1C-6E3F-4A0E-BB8A-4E4E2E57A6D1}.Release|Win32.Build.0 = Release|Win32
		{9F2A6D1C-6E3F-4A0E-BB8A-4E4E2E57A6D1}.Release|x64.ActiveCfg = Release|x64
		{9F2A6D1C-6E3F-4A0E-BB8A-4E4E2E57A6D1}.Release|x64.Build.0 = Release|x64
		{C7D3A3A6-B4AE-4AB5-9C58-4E0EA9D71D8C}.Debug|Win32.ActiveCfg = Debug|Win32
		{C7D3A3A6-B4AE-4AB5-9C58-4E0EA9D71D8C}.Debug|Win32.Build.0 = Debug|Win32
		{C7D3A3A6-B4AE-4AB5-9C58-4E0EA9D71D8C}.Debug|x64.ActiveCfg = Debug|x64
		{C7D3A3A6-B4AE-4AB5-9C58-4E0EA9D71D8C}.Debug|x64.Build.0 = Debug|x64
		{C7D3A3A6-B4AE-4AB5-9C58-4E0EA9D71D8C}.Release|Win32.ActiveCfg = Release|Win32
		{C7D3A3A6-B4AE-4AB5-9C58-4E0EA9D71D8C}.Release|Win32.Build.0 = Release|Win32
		{C7D3A3A6-B4AE-4AB5-9C58-4E0EA9D71D8C}.Release|x64.ActiveCfg = Release|x64
		{C7D3A3A6-B4AE-4AB5-9C58-4E0EA9D71D8C}.Release|x64.Build.0 = Release|x64
		{10D24D7D-2FA0-4BB2-9A9E-40D6140022B9}.Debug|Win32.ActiveCfg = Debug|Win32
		{10D24D7D-2FA0-4BB2-9A9E-40D6140022B9}.Debug|Win32.Build.0 = Debug|Win32
		{10D24D7D-2FA0-4BB2-9A9E-40D6140022B9}.Debug|x64.ActiveCfg = Debug|x64
		{10D24D7D-2FA0-4BB2-9A9E-40D6140022B9}.Debug|x64.Build.0 = Debug|x64
		{10D24D7D-2FA0-4BB2-9A9E-40D6140022B9}.Release|Win32.ActiveCfg = Release|Win32
		{10D24D7D-2FA0-4BB2-9A9E-40D6140022B9}.Release|Win32.Build.0 = Release|Win32
		{10D24D7D-2FA0-4BB2-9A9E-40D6140022B9}.Release|x64.ActiveCfg = Release|x64
		{10D24D7D-2FA0-4BB2-9A9E-40D6140022B9}.Release|x64.Build.0 = Release|x64
		{6C9A6381-9B86-4D13-A3C4-2B5E1CC6C5A7}.Debug|Win32.ActiveCfg = Debug|Win32
		{6C9A6381-9B86-4D13-A3C4-2B5E1CC6C5A7}.Debug|Win32.Build.0 = Debug|Win32
		{6C9A6381-9B86-4D13-A3C4-2B5E1CC6C5A7}.Debug|x64.ActiveCfg = Debug|x64
		{6C9A6381-9B86-4D13-A3C4-2B5E1CC6C5A7}.Debug|x64.Build.0 = Debug|x64
		{6C9A6381-9B86-4D13-A3C4-2B5E1CC6C5A7}.Release|Win32.ActiveCfg = Release|Win32
		{6C9A6381-9B86-4D13-A3C4-2B5E1CC6C5A7}.Release|Win32.Build.0 = Release|Win32
		{6C9A6381-9B86-4D13-A3C4-2B5E1CC6C5A7}.Release|x64.ActiveCfg = Release|x64
		{6C9A6381-9B86-4D13-A3C4-2B5E1CC6C5A7}.Release|x64.Build.0 = Release|x64
		{A8B25DB2-6CE5-4D63-A7CB-4E7A9E5D1D42}.Debug|Win32.ActiveCfg = Debug|Win32
		{A8B25DB2-6CE5-4D63-A7CB-4E7A9E5D1D42}.Debug|Win32.Build.0 = Debug|Win32
		{A8B25DB2-6CE5-4D63-A7CB-4E7A9E5D1D42}.Debug|x64.ActiveCfg = Debug|x64
		{A8B25DB2-6CE5-4D63-A7CB-4E7A9E5D1D42}.Debug|x64.Build.0 = Debug|x64
		{A8B25DB2-6CE5-4D63-A7CB-4E7A9E5D1D42}.Release|Win32.ActiveCfg = Release|Win32
		{A8B25DB2-6CE5-4D63-A7CB-4E7A9E5D1D42}.Release|Win32.Build.0 = Release|Win32
		{A8B25DB2-6CE5-4D63-A7CB-4E7A9E5D1D42}.Release|x64.ActiveCfg = Release|x64
		{A8B25DB2-6CE5-4D63-A7CB-4E7A9E5D1D42}.Release|x64.Build.0 = Release|x64
		{F4B2FCE9-33E7-4C6B-8B2E-9A6C1F2D5E70}.Debug|Win32.ActiveCfg = Debug|Win32
		{F4B2FCE9-33E7-4C6B-8B2E-9A6C1F2D5E70}.Debug|Win32.Build.0 = Debug|Win32
		{F4B2FCE9-33E7-4C6B-8B2E-9A6C1F2D5E70}.Debug|x64.ActiveCfg = Debug|x64
		{F4B2FCE9-33E7-4C6B-8B2E-9A6C1F2D5E70}.Debug|x64.Build.0 = Debug|x64
		{F4B2FCE9-33E7-4C6B-8B2E-9A6C1F2D5E70}.Release|Win32.ActiveCfg = Release|Win32
		{F4B2FCE9-33E7-4C6B-8B2E-9A6C1F2D5E70}.Release|Win32.Build.0 = Release|Win32
		{F4B2FCE9-33E7-4C6B-8B2E-9A6C1F2D5E70}.Release|x64.ActiveCfg = Release|x64
		{F4B2FCE9-33E7-4C6B-8B2E-9A6C1F2D5E70}.Release|x64.Build.0 = Release|x64
		{2D9C1C8F-C702-4B16-9F3E-6F5D2B0A7C14}.Debug|Win32.ActiveCfg = Debug|Win32
		{2D9C1C8F-C702-4B16-9F3E-6F5D2B0A7C14}.Debug|Win32.Build.0 = Debug|Win32
		{2D9C1C8F-C702-4B16-9F3E-6F5D2B0A7C14}.Debug|x64.ActiveCfg = Debug|x64
		{2D9C1C8F-C702-4B16-9F3E-6F5D2B0A7C14}.Debug|x64.Build.0 = Debug|x64
		{2D9C1C8F-C702-4B16-9F3E-6F5D2B0A7C14}.Release|Win32.ActiveCfg = Release|Win32
		{2D9C1C8F-C702-4B16-9F3E-6F5D2B0A7C14}.Release|Win32.Build.0 = Release|Win32
		{2D9C1C8F-C702-4B16-9F3E-6F5D2B0A7C14}.Release|x64.ActiveCfg = Release|x64
		{2D9C1C8F-C702-4B16-9F3E-6F5D2B0A7C14}.Release|x64.Build.0 = Release|x64
		{C6E41A5D-8B8A-4F3A-9D73-1E2F4A7B5C90}.Debug|Win32.ActiveCfg = Debug|Win32
		{C6E41A5D-8B8A-4F3A-9D73-1E2F4A7B5C90}.Debug|Win32.Build.0 = Debug|Win32
		{C6E41A5D-8B8A-4F3A-9D73-1E2F4A7B5C90}.Debug|x64.ActiveCfg = Debug|x64
		{C6E41A5D-8B8A-4F3A-9D73-1E2F4A7B5C90}.Debug|x64.Build.0 = Debug|x64
		{C6E41A5D-8B8A-4F3A-9D73-1E2F4A7B5C90}.Release|Win32.ActiveCfg = Release|Win32
		{C6E41A5D-8B8A-4F3A-9D73-1E2F4A7B5C90}.Release|Win32.Build.0 = Release|Win32
		{C6E41A5D-8B8A-4F3A-9D73-1E2F4A7B5C90}.Release|x64.ActiveCfg = Release|x64
		{C6E41A5D-8B8A-4F3A-9D73-1E2F4A7B5C90}.Release|x64.Build.0 = Release|x64
	EndGlobalSection
	GlobalSection(SolutionProperties) = preSolution
		HideSolutionNode = FALSE
	EndGlobalSection
	GlobalSection(NestedProjects) = preSolution
		{D3F7E9A4-6BA7-40F6-99AD-59A70E8109E8} = {52E5DAB2-F8F9-49CC-B67C-EA51938B7874}
		{52E5DAB2-F8F9-49CC-B67C-EA51938B7874} = {123105EC-C85E-441F-AF13-848D6CD7B2D1}
		{6607E997-5CB8-4749-AA45-4A8AA8D52733} = {52E5DAB2-F8F9-49CC-B67C-EA51938B7874}
		{9F2A6D1C-6E3F-4A0E-BB8A-4E4E2E57A6D1} = {52E5DAB2-F8F9-49CC-B67C-EA51938B7874}
		{C7D3A3A6-B4AE-4AB5-9C58-4E0EA9D71D8C} = {52E5DAB2-F8F9-49CC-B67C-EA51938B7874}
		{10D24D7D-2FA0-4BB2-9A9E-40D6140022B9} = {52E5DAB2-F8F9-49CC-B67C-EA51938B7874}
		{6C9A6381-9B86-4D13-A3C4-2B5E1CC6C5A7} = {52E5DAB2-F8F9-49CC-B67C-EA51938B7874}
		{A8B25DB2-6CE5-4D63-A7CB-4E7A9E5D1D42} = {52E5DAB2-F8F9-49CC-B67C-EA51938B7874}
		{F4B2FCE9-33E7-4C6B-8B2E-9A6C1F2D5E70} = {52E5DAB2-F8F9-49CC-B67C-EA51938B7874}
		{2D9C1C8F-C702-4B16-9F3E-6F5D2B0A7C14} = {52E5DAB2-F8F9-49CC-B67C-EA51938B7874}
		{C6E41A5D-8B8A-4F3A-9D73-1E2F4A7B5C90} = {52E5DAB2-F8F9-49CC-B67C-EA51938B7874}
	EndGlobalSection
	GlobalSection(ExtensibilityGlobals) = postSolution
		SolutionGuid = {FA94D704-BA5D-4021-B753-8BC6DDFA6236}
	EndGlobalSection
EndGlobal
