<?xml version="1.0" encoding="utf-8"?>
<Project ToolsVersion="4.0" xmlns="http://schemas.microsoft.com/developer/msbuild/2003">
  <ItemGroup>
    <Filter Include="Source Files">
      <UniqueIdentifier>{3e4781f9-2067-4081-af2d-543edff2698d}</UniqueIdentifier>
      <Extensions>cpp;c;cxx;rc;def;r;odl;idl;hpj;bat</Extensions>
    </Filter>
    <Filter Include="Header Files">
      <UniqueIdentifier>{507063e1-4833-46b2-bcc0-2a22167b4633}</UniqueIdentifier>
      <Extensions>h;hpp;hxx;hm;inl</Extensions>
    </Filter>
    <Filter Include="Resource Files">
      <UniqueIdentifier>{a2d8779a-2da6-4c7b-bc13-c26336f2558e}</UniqueIdentifier>
      <Extensions>ico;cur;bmp;dlg;rc2;rct;bin;rgs;gif;jpg;jpeg;jpe</Extensions>
    </Filter>
  </ItemGroup>
  <ItemGroup>
    <ClCompile Include="ac3dgroup.cpp">
      <Filter>Source Files</Filter>
    </ClCompile>
    <ClCompile Include="ac3dload.cpp">
      <Filter>Source Files</Filter>
    </ClCompile>
    <ClCompile Include="mainaccc.cpp">
      <Filter>Source Files</Filter>
    </ClCompile>
  </ItemGroup>
  <ItemGroup>
    <ClInclude Include="accc.h">
      <Filter>Header Files</Filter>
    </ClInclude>
  </ItemGroup>
</Project>