<?xml version="1.0" encoding="utf-8"?>
<Project ToolsVersion="4.0" xmlns="http://schemas.microsoft.com/developer/msbuild/2003">
  <ItemGroup>
    <Filter Include="Source Files">
      <UniqueIdentifier>{a121da8e-4425-4b1a-8471-cab0d775b959}</UniqueIdentifier>
      <Extensions>cpp;c;cxx;rc;def;r;odl;idl;hpj;bat</Extensions>
    </Filter>
    <Filter Include="Header Files">
      <UniqueIdentifier>{299975f9-082f-491e-bc02-5b465626420d}</UniqueIdentifier>
      <Extensions>h;hpp;hxx;hm;inl</Extensions>
    </Filter>
  </ItemGroup>
  <ItemGroup>
    <ClCompile Include="ssgaCelestialBody.cxx">
      <Filter>Source Files</Filter>
    </ClCompile>
    <ClCompile Include="ssgaCloudLayer.cxx">
      <Filter>Source Files</Filter>
    </ClCompile>
    <ClCompile Include="ssgaFire.cxx">
      <Filter>Source Files</Filter>
    </ClCompile>
    <ClCompile Include="ssgaLensFlare.cxx">
      <Filter>Source Files</Filter>
    </ClCompile>
    <ClCompile Include="ssgaLensFlareTexture.cxx">
      <Filter>Source Files</Filter>
    </ClCompile>
    <ClCompile Include="ssgaParticleSystem.cxx">
      <Filter>Source Files</Filter>
    </ClCompile>
    <ClCompile Include="ssgaPatch.cxx">
      <Filter>Source Files</Filter>
    </ClCompile>
    <ClCompile Include="ssgaScreenDump.cxx">
      <Filter>Source Files</Filter>
    </ClCompile>
    <ClCompile Include="ssgaShapes.cxx">
      <Filter>Source Files</Filter>
    </ClCompile>
    <ClCompile Include="ssgaSky.cxx">
      <Filter>Source Files</Filter>
    </ClCompile>
    <ClCompile Include="ssgaSkyDome.cxx">
      <Filter>Source Files</Filter>
    </ClCompile>
    <ClCompile Include="ssgaSphere.cxx">
      <Filter>Source Files</Filter>
    </ClCompile>
    <ClCompile Include="ssgaStars.cxx">
      <Filter>Source Files</Filter>
    </ClCompile>
    <ClCompile Include="ssgaTeapot.cxx">
      <Filter>Source Files</Filter>
    </ClCompile>
    <ClCompile Include="ssgAux.cxx">
      <Filter>Source Files</Filter>
    </ClCompile>
    <ClCompile Include="ssgaWaveSystem.cxx">
      <Filter>Source Files</Filter>
    </ClCompile>
  </ItemGroup>
  <ItemGroup>
    <ClInclude Include="ssgaFire.h">
      <Filter>Header Files</Filter>
    </ClInclude>
    <ClInclude Include="ssgaLensFlare.h">
      <Filter>Header Files</Filter>
    </ClInclude>
    <ClInclude Include="ssgaParticleSystem.h">
      <Filter>Header Files</Filter>
    </ClInclude>
    <ClInclude Include="ssgaScreenDump.h">
      <Filter>Header Files</Filter>
    </ClInclude>
    <ClInclude Include="ssgaShapes.h">
      <Filter>Header Files</Filter>
    </ClInclude>
    <ClInclude Include="ssgaSky.h">
      <Filter>Header Files</Filter>
    </ClInclude>
    <ClInclude Include="ssgaSphere.h">
      <Filter>Header Files</Filter>
    </ClInclude>
    <ClInclude Include="ssgAux.h">
      <Filter>Header Files</Filter>
    </ClInclude>
    <ClInclude Include="ssgaWaveSystem.h">
      <Filter>Header Files</Filter>
    </ClInclude>
  </ItemGroup>
</Project>