
Microsoft Visual Studio Solution File, Format Version 12.00
# Visual Studio Version 17
VisualStudioVersion = 17.14.36518.9
MinimumVisualStudioVersion = 10.0.40219.1
Project("{8BC9CEB8-8B4A-11D0-8D11-00A0C91BC942}") = "fnt", "src\fnt\fnt.vcxproj", "{F652E5BE-8011-46EB-8420-0C73EF1C1080}"
EndProject
Project("{8BC9CEB8-8B4A-11D0-8D11-00A0C91BC942}") = "js", "src\js\js.vcxproj", "{13C6CC9F-592E-4547-A5A3-A3496A8FFD56}"
EndProject
Project("{8BC9CEB8-8B4A-11D0-8D11-00A0C91BC942}") = "net", "src\net\net.vcxproj", "{AE4B5FE1-B9E0-4133-BA1C-977113339D65}"
EndProject
Project("{8BC9CEB8-8B4A-11D0-8D11-00A0C91BC942}") = "plib", "plib.vcxproj", "{C4AAF804-9029-4EC4-84A1-A7CDB678E49B}"
EndProject
Project("{8BC9CEB8-8B4A-11D0-8D11-00A0C91BC942}") = "psl", "src\psl\psl.vcxproj", "{38DF9EFD-74A9-4784-9788-661C46E49065}"
EndProject
Project("{8BC9CEB8-8B4A-11D0-8D11-00A0C91BC942}") = "puAux", "src\puAux\puAux.vcxproj", "{4A39FF7C-9320-4D07-B768-7EA6EFF43D2F}"
EndProject
Project("{8BC9CEB8-8B4A-11D0-8D11-00A0C91BC942}") = "pui", "src\pui\pui.vcxproj", "{7498363D-83B2-45C4-8B02-4C18616CAE0D}"
EndProject
Project("{8BC9CEB8-8B4A-11D0-8D11-00A0C91BC942}") = "pw", "src\pw\pw.vcxproj", "{5674DECD-0810-4A80-A971-9893DE1BD563}"
EndProject
Project("{8BC9CEB8-8B4A-11D0-8D11-00A0C91BC942}") = "sg", "src\sg\sg.vcxproj", "{2DD915BB-0068-4CA3-A164-CF13EBB3184E}"
EndProject
Project("{8BC9CEB8-8B4A-11D0-8D11-00A0C91BC942}") = "sl", "src\sl\sl.vcxproj", "{2C1BE8A8-2011-492A-9DFD-D288E7A73F23}"
EndProject
Project("{8BC9CEB8-8B4A-11D0-8D11-00A0C91BC942}") = "ssg", "src\ssg\ssg.vcxproj", "{439CB3CF-99A0-48CE-9214-67C7AE334CF2}"
EndProject
Project("{8BC9CEB8-8B4A-11D0-8D11-00A0C91BC942}") = "ssgAux", "src\ssgAux\ssgAux.vcxproj", "{C4D4EB1F-ABD3-4019-AF73-5CB4E23BBCEF}"
EndProject
Project("{8BC9CEB8-8B4A-11D0-8D11-00A0C91BC942}") = "ul", "src\util\ul.vcxproj", "{9D783A8D-5C62-4C88-9BA4-41606C5F148F}"
EndProject
Global
	GlobalSection(SolutionConfigurationPlatforms) = preSolution
		Debug|Win32 = Debug|Win32
		Debug|x64 = Debug|x64
		Release|Win32 = Release|Win32
		Release|x64 = Release|x64
	EndGlobalSection
	GlobalSection(ProjectConfigurationPlatforms) = postSolution
		{F652E5BE-8011-46EB-8420-0C73EF1C1080}.Debug|Win32.ActiveCfg = Debug|Win32
		{F652E5BE-8011-46EB-8420-0C73EF1C1080}.Debug|Win32.Build.0 = Debug|Win32
		{F652E5BE-8011-46EB-8420-0C73EF1C1080}.Debug|x64.ActiveCfg = Debug|x64
		{F652E5BE-8011-46EB-8420-0C73EF1C1080}.Debug|x64.Build.0 = Debug|x64
		{F652E5BE-8011-46EB-8420-0C73EF1C1080}.Release|Win32.ActiveCfg = Release|Win32
		{F652E5BE-8011-46EB-8420-0C73EF1C1080}.Release|Win32.Build.0 = Release|Win32
		{F652E5BE-8011-46EB-8420-0C73EF1C1080}.Release|x64.ActiveCfg = Release|x64
		{F652E5BE-8011-46EB-8420-0C73EF1C1080}.Release|x64.Build.0 = Release|x64
		{13C6CC9F-592E-4547-A5A3-A3496A8FFD56}.Debug|Win32.ActiveCfg = Debug|Win32
		{13C6CC9F-592E-4547-A5A3-A3496A8FFD56}.Debug|Win32.Build.0 = Debug|Win32
		{13C6CC9F-592E-4547-A5A3-A3496A8FFD56}.Debug|x64.ActiveCfg = Debug|x64
		{13C6CC9F-592E-4547-A5A3-A3496A8FFD56}.Debug|x64.Build.0 = Debug|x64
		{13C6CC9F-592E-4547-A5A3-A3496A8FFD56}.Release|Win32.ActiveCfg = Release|Win32
		{13C6CC9F-592E-4547-A5A3-A3496A8FFD56}.Release|Win32.Build.0 = Release|Win32
		{13C6CC9F-592E-4547-A5A3-A3496A8FFD56}.Release|x64.ActiveCfg = Release|x64
		{13C6CC9F-592E-4547-A5A3-A3496A8FFD56}.Release|x64.Build.0 = Release|x64
		{AE4B5FE1-B9E0-4133-BA1C-977113339D65}.Debug|Win32.ActiveCfg = Debug|Win32
		{AE4B5FE1-B9E0-4133-BA1C-977113339D65}.Debug|Win32.Build.0 = Debug|Win32
		{AE4B5FE1-B9E0-4133-BA1C-977113339D65}.Debug|x64.ActiveCfg = Debug|x64
		{AE4B5FE1-B9E0-4133-BA1C-977113339D65}.Debug|x64.Build.0 = Debug|x64
		{AE4B5FE1-B9E0-4133-BA1C-977113339D65}.Release|Win32.ActiveCfg = Release|Win32
		{AE4B5FE1-B9E0-4133-BA1C-977113339D65}.Release|Win32.Build.0 = Release|Win32
		{AE4B5FE1-B9E0-4133-BA1C-977113339D65}.Release|x64.ActiveCfg = Release|x64
		{AE4B5FE1-B9E0-4133-BA1C-977113339D65}.Release|x64.Build.0 = Release|x64
		{C4AAF804-9029-4EC4-84A1-A7CDB678E49B}.Debug|Win32.ActiveCfg = Debug|Win32
		{C4AAF804-9029-4EC4-84A1-A7CDB678E49B}.Debug|Win32.Build.0 = Debug|Win32
		{C4AAF804-9029-4EC4-84A1-A7CDB678E49B}.Debug|x64.ActiveCfg = Debug|x64
		{C4AAF804-9029-4EC4-84A1-A7CDB678E49B}.Debug|x64.Build.0 = Debug|x64
		{C4AAF804-9029-4EC4-84A1-A7CDB678E49B}.Release|Win32.ActiveCfg = Release|Win32
		{C4AAF804-9029-4EC4-84A1-A7CDB678E49B}.Release|Win32.Build.0 = Release|Win32
		{C4AAF804-9029-4EC4-84A1-A7CDB678E49B}.Release|x64.ActiveCfg = Release|x64
		{C4AAF804-9029-4EC4-84A1-A7CDB678E49B}.Release|x64.Build.0 = Release|x64
		{38DF9EFD-74A9-4784-9788-661C46E49065}.Debug|Win32.ActiveCfg = Debug|Win32
		{38DF9EFD-74A9-4784-9788-661C46E49065}.Debug|Win32.Build.0 = Debug|Win32
		{38DF9EFD-74A9-4784-9788-661C46E49065}.Debug|x64.ActiveCfg = Debug|x64
		{38DF9EFD-74A9-4784-9788-661C46E49065}.Debug|x64.Build.0 = Debug|x64
		{38DF9EFD-74A9-4784-9788-661C46E49065}.Release|Win32.ActiveCfg = Release|Win32
		{38DF9EFD-74A9-4784-9788-661C46E49065}.Release|Win32.Build.0 = Release|Win32
		{38DF9EFD-74A9-4784-9788-661C46E49065}.Release|x64.ActiveCfg = Release|x64
		{38DF9EFD-74A9-4784-9788-661C46E49065}.Release|x64.Build.0 = Release|x64
		{4A39FF7C-9320-4D07-B768-7EA6EFF43D2F}.Debug|Win32.ActiveCfg = Debug|Win32
		{4A39FF7C-9320-4D07-B768-7EA6EFF43D2F}.Debug|Win32.Build.0 = Debug|Win32
		{4A39FF7C-9320-4D07-B768-7EA6EFF43D2F}.Debug|x64.ActiveCfg = Debug|x64
		{4A39FF7C-9320-4D07-B768-7EA6EFF43D2F}.Debug|x64.Build.0 = Debug|x64
		{4A39FF7C-9320-4D07-B768-7EA6EFF43D2F}.Release|Win32.ActiveCfg = Release|Win32
		{4A39FF7C-9320-4D07-B768-7EA6EFF43D2F}.Release|Win32.Build.0 = Release|Win32
		{4A39FF7C-9320-4D07-B768-7EA6EFF43D2F}.Release|x64.ActiveCfg = Release|x64
		{4A39FF7C-9320-4D07-B768-7EA6EFF43D2F}.Release|x64.Build.0 = Release|x64
		{7498363D-83B2-45C4-8B02-4C18616CAE0D}.Debug|Win32.ActiveCfg = Debug|Win32
		{7498363D-83B2-45C4-8B02-4C18616CAE0D}.Debug|Win32.Build.0 = Debug|Win32
		{7498363D-83B2-45C4-8B02-4C18616CAE0D}.Debug|x64.ActiveCfg = Debug|x64
		{7498363D-83B2-45C4-8B02-4C18616CAE0D}.Debug|x64.Build.0 = Debug|x64
		{7498363D-83B2-45C4-8B02-4C18616CAE0D}.Release|Win32.ActiveCfg = Release|Win32
		{7498363D-83B2-45C4-8B02-4C18616CAE0D}.Release|Win32.Build.0 = Release|Win32
		{7498363D-83B2-45C4-8B02-4C18616CAE0D}.Release|x64.ActiveCfg = Release|x64
		{7498363D-83B2-45C4-8B02-4C18616CAE0D}.Release|x64.Build.0 = Release|x64
		{5674DECD-0810-4A80-A971-9893DE1BD563}.Debug|Win32.ActiveCfg = Debug|Win32
		{5674DECD-0810-4A80-A971-9893DE1BD563}.Debug|Win32.Build.0 = Debug|Win32
		{5674DECD-0810-4A80-A971-9893DE1BD563}.Debug|x64.ActiveCfg = Debug|x64
		{5674DECD-0810-4A80-A971-9893DE1BD563}.Debug|x64.Build.0 = Debug|x64
		{5674DECD-0810-4A80-A971-9893DE1BD563}.Release|Win32.ActiveCfg = Release|Win32
		{5674DECD-0810-4A80-A971-9893DE1BD563}.Release|Win32.Build.0 = Release|Win32
		{5674DECD-0810-4A80-A971-9893DE1BD563}.Release|x64.ActiveCfg = Release|x64
		{5674DECD-0810-4A80-A971-9893DE1BD563}.Release|x64.Build.0 = Release|x64
		{2DD915BB-0068-4CA3-A164-CF13EBB3184E}.Debug|Win32.ActiveCfg = Debug|Win32
		{2DD915BB-0068-4CA3-A164-CF13EBB3184E}.Debug|Win32.Build.0 = Debug|Win32
		{2DD915BB-0068-4CA3-A164-CF13EBB3184E}.Debug|x64.ActiveCfg = Debug|x64
		{2DD915BB-0068-4CA3-A164-CF13EBB3184E}.Debug|x64.Build.0 = Debug|x64
		{2DD915BB-0068-4CA3-A164-CF13EBB3184E}.Release|Win32.ActiveCfg = Release|Win32
		{2DD915BB-0068-4CA3-A164-CF13EBB3184E}.Release|Win32.Build.0 = Release|Win32
		{2DD915BB-0068-4CA3-A164-CF13EBB3184E}.Release|x64.ActiveCfg = Release|x64
		{2DD915BB-0068-4CA3-A164-CF13EBB3184E}.Release|x64.Build.0 = Release|x64
		{2C1BE8A8-2011-492A-9DFD-D288E7A73F23}.Debug|Win32.ActiveCfg = Debug|Win32
		{2C1BE8A8-2011-492A-9DFD-D288E7A73F23}.Debug|Win32.Build.0 = Debug|Win32
		{2C1BE8A8-2011-492A-9DFD-D288E7A73F23}.Debug|x64.ActiveCfg = Debug|x64
		{2C1BE8A8-2011-492A-9DFD-D288E7A73F23}.Debug|x64.Build.0 = Debug|x64
		{2C1BE8A8-2011-492A-9DFD-D288E7A73F23}.Release|Win32.ActiveCfg = Release|Win32
		{2C1BE8A8-2011-492A-9DFD-D288E7A73F23}.Release|Win32.Build.0 = Release|Win32
		{2C1BE8A8-2011-492A-9DFD-D288E7A73F23}.Release|x64.ActiveCfg = Release|x64
		{2C1BE8A8-2011-492A-9DFD-D288E7A73F23}.Release|x64.Build.0 = Release|x64
		{439CB3CF-99A0-48CE-9214-67C7AE334CF2}.Debug|Win32.ActiveCfg = Debug|Win32
		{439CB3CF-99A0-48CE-9214-67C7AE334CF2}.Debug|Win32.Build.0 = Debug|Win32
		{439CB3CF-99A0-48CE-9214-67C7AE334CF2}.Debug|x64.ActiveCfg = Debug|x64
		{439CB3CF-99A0-48CE-9214-67C7AE334CF2}.Debug|x64.Build.0 = Debug|x64
		{439CB3CF-99A0-48CE-9214-67C7AE334CF2}.Release|Win32.ActiveCfg = Release|Win32
		{439CB3CF-99A0-48CE-9214-67C7AE334CF2}.Release|Win32.Build.0 = Release|Win32
		{439CB3CF-99A0-48CE-9214-67C7AE334CF2}.Release|x64.ActiveCfg = Release|x64
		{439CB3CF-99A0-48CE-9214-67C7AE334CF2}.Release|x64.Build.0 = Release|x64
		{C4D4EB1F-ABD3-4019-AF73-5CB4E23BBCEF}.Debug|Win32.ActiveCfg = Debug|Win32
		{C4D4EB1F-ABD3-4019-AF73-5CB4E23BBCEF}.Debug|Win32.Build.0 = Debug|Win32
		{C4D4EB1F-ABD3-4019-AF73-5CB4E23BBCEF}.Debug|x64.ActiveCfg = Debug|x64
		{C4D4EB1F-ABD3-4019-AF73-5CB4E23BBCEF}.Debug|x64.Build.0 = Debug|x64
		{C4D4EB1F-ABD3-4019-AF73-5CB4E23BBCEF}.Release|Win32.ActiveCfg = Release|Win32
		{C4D4EB1F-ABD3-4019-AF73-5CB4E23BBCEF}.Release|Win32.Build.0 = Release|Win32
		{C4D4EB1F-ABD3-4019-AF73-5CB4E23BBCEF}.Release|x64.ActiveCfg = Release|x64
		{C4D4EB1F-ABD3-4019-AF73-5CB4E23BBCEF}.Release|x64.Build.0 = Release|x64
		{9D783A8D-5C62-4C88-9BA4-41606C5F148F}.Debug|Win32.ActiveCfg = Debug|Win32
		{9D783A8D-5C62-4C88-9BA4-41606C5F148F}.Debug|Win32.Build.0 = Debug|Win32
		{9D783A8D-5C62-4C88-9BA4-41606C5F148F}.Debug|x64.ActiveCfg = Debug|x64
		{9D783A8D-5C62-4C88-9BA4-41606C5F148F}.Debug|x64.Build.0 = Debug|x64
		{9D783A8D-5C62-4C88-9BA4-41606C5F148F}.Release|Win32.ActiveCfg = Release|Win32
		{9D783A8D-5C62-4C88-9BA4-41606C5F148F}.Release|Win32.Build.0 = Release|Win32
		{9D783A8D-5C62-4C88-9BA4-41606C5F148F}.Release|x64.ActiveCfg = Release|x64
		{9D783A8D-5C62-4C88-9BA4-41606C5F148F}.Release|x64.Build.0 = Release|x64
	EndGlobalSection
	GlobalSection(SolutionProperties) = preSolution
		HideSolutionNode = FALSE
	EndGlobalSection
	GlobalSection(ExtensibilityGlobals) = postSolution
		SolutionGuid = {EA05577E-F987-4328-84CE-009199D8ABE3}
	EndGlobalSection
EndGlobal
