<?xml version="1.0" encoding="utf-8"?>
<Project ToolsVersion="4.0" xmlns="http://schemas.microsoft.com/developer/msbuild/2003">
  <ItemGroup>
    <Filter Include="Source Files">
      <UniqueIdentifier>{8d08255c-16ed-4371-a45b-b6f70dde7909}</UniqueIdentifier>
      <Extensions>cpp;c;cxx;rc;def;r;odl;idl;hpj;bat</Extensions>
    </Filter>
    <Filter Include="Header Files">
      <UniqueIdentifier>{f929d703-c03e-4058-8b0c-7c48f22f4a9e}</UniqueIdentifier>
      <Extensions>h;hpp;hxx;hm;inl</Extensions>
    </Filter>
    <Filter Include="Resource Files">
      <UniqueIdentifier>{c92d3efa-886c-447d-b159-af87a39f2d76}</UniqueIdentifier>
      <Extensions>ico;cur;bmp;dlg;rc2;rct;bin;rgs;gif;jpg;jpeg;jpe</Extensions>
    </Filter>
  </ItemGroup>
  <ItemGroup>
    <ClCompile Include="aero.cpp">
      <Filter>Source Files</Filter>
    </ClCompile>
    <ClCompile Include="atmosphere.cpp">
      <Filter>Source Files</Filter>
    </ClCompile>
    <ClCompile Include="axle.cpp">
      <Filter>Source Files</Filter>
    </ClCompile>
    <ClCompile Include="brake.cpp">
      <Filter>Source Files</Filter>
    </ClCompile>
    <ClCompile Include="car.cpp">
      <Filter>Source Files</Filter>
    </ClCompile>
    <ClCompile Include="categories.cpp">
      <Filter>Source Files</Filter>
    </ClCompile>
    <ClCompile Include="collide.cpp">
      <Filter>Source Files</Filter>
    </ClCompile>
    <ClCompile Include="differential.cpp">
      <Filter>Source Files</Filter>
    </ClCompile>
    <ClCompile Include="engine.cpp">
      <Filter>Source Files</Filter>
    </ClCompile>
    <ClCompile Include="simu.cpp">
      <Filter>Source Files</Filter>
    </ClCompile>
    <ClCompile Include="simuitf.cpp">
      <Filter>Source Files</Filter>
    </ClCompile>
    <ClCompile Include="steer.cpp">
      <Filter>Source Files</Filter>
    </ClCompile>
    <ClCompile Include="susp.cpp">
      <Filter>Source Files</Filter>
    </ClCompile>
    <ClCompile Include="transmission.cpp">
      <Filter>Source Files</Filter>
    </ClCompile>
    <ClCompile Include="wheel.cpp">
      <Filter>Source Files</Filter>
    </ClCompile>
  </ItemGroup>
  <ItemGroup>
    <None Include="simuv2.def">
      <Filter>Source Files</Filter>
    </None>
  </ItemGroup>
  <ItemGroup>
    <ClInclude Include="aero.h">
      <Filter>Header Files</Filter>
    </ClInclude>
    <ClInclude Include="axle.h">
      <Filter>Header Files</Filter>
    </ClInclude>
    <ClInclude Include="brake.h">
      <Filter>Header Files</Filter>
    </ClInclude>
    <ClInclude Include="carstruct.h">
      <Filter>Header Files</Filter>
    </ClInclude>
    <ClInclude Include="differential.h">
      <Filter>Header Files</Filter>
    </ClInclude>
    <ClInclude Include="engine.h">
      <Filter>Header Files</Filter>
    </ClInclude>
    <ClInclude Include="sim.h">
      <Filter>Header Files</Filter>
    </ClInclude>
    <ClInclude Include="steer.h">
      <Filter>Header Files</Filter>
    </ClInclude>
    <ClInclude Include="susp.h">
      <Filter>Header Files</Filter>
    </ClInclude>
    <ClInclude Include="transmission.h">
      <Filter>Header Files</Filter>
    </ClInclude>
    <ClInclude Include="wheel.h">
      <Filter>Header Files</Filter>
    </ClInclude>
  </ItemGroup>
</Project>